
Microsoft Visual Studio Solution File, Format Version 11.00
# Visual Studio 2010
Project("{FAE04EC0-301F-11D3-BF4B-00C04F79EFBC}") = "AppPrototipoV2", "AppPrototipoV2\AppPrototipoV2.csproj", "{E725C12A-E6DA-4EBF-B23D-A6A6DE1A177B}"
EndProject
Project("{FAE04EC0-301F-11D3-BF4B-00C04F79EFBC}") = "Brainsbits.LDA", "LDA\Brainsbits.LDA.csproj", "{840364AD-5BF9-4F08-98E0-7BC89E024EDF}"
EndProject
Project("{FAE04EC0-301F-11D3-BF4B-00C04F79EFBC}") = "Brainsbits.LLB", "LLB\Brainsbits.LLB.csproj", "{5902E5B6-13EB-45D2-A490-49161AEB956C}"
EndProject
Global
	GlobalSection(SolutionConfigurationPlatforms) = preSolution
		Debug|Any CPU = Debug|Any CPU
		Release|Any CPU = Release|Any CPU
	EndGlobalSection
	GlobalSection(ProjectConfigurationPlatforms) = postSolution
		{E725C12A-E6DA-4EBF-B23D-A6A6DE1A177B}.Debug|Any CPU.ActiveCfg = Debug|Any CPU
		{E725C12A-E6DA-4EBF-B23D-A6A6DE1A177B}.Debug|Any CPU.Build.0 = Debug|Any CPU
		{E725C12A-E6DA-4EBF-B23D-A6A6DE1A177B}.Release|Any CPU.ActiveCfg = Release|Any CPU
		{E725C12A-E6DA-4EBF-B23D-A6A6DE1A177B}.Release|Any CPU.Build.0 = Release|Any CPU
		{840364AD-5BF9-4F08-98E0-7BC89E024EDF}.Debug|Any CPU.ActiveCfg = Debug|Any CPU
		{840364AD-5BF9-4F08-98E0-7BC89E024EDF}.Debug|Any CPU.Build.0 = Debug|Any CPU
		{840364AD-5BF9-4F08-98E0-7BC89E024EDF}.Release|Any CPU.ActiveCfg = Release|Any CPU
		{840364AD-5BF9-4F08-98E0-7BC89E024EDF}.Release|Any CPU.Build.0 = Release|Any CPU
		{5902E5B6-13EB-45D2-A490-49161AEB956C}.Debug|Any CPU.ActiveCfg = Debug|Any CPU
		{5902E5B6-13EB-45D2-A490-49161AEB956C}.Debug|Any CPU.Build.0 = Debug|Any CPU
		{5902E5B6-13EB-45D2-A490-49161AEB956C}.Release|Any CPU.ActiveCfg = Release|Any CPU
		{5902E5B6-13EB-45D2-A490-49161AEB956C}.Release|Any CPU.Build.0 = Release|Any CPU
	EndGlobalSection
	GlobalSection(SolutionProperties) = preSolution
		HideSolutionNode = FALSE
	EndGlobalSection
EndGlobal
